
Microsoft Visual Studio Solution File, Format Version 12.00
# Visual Studio 15
VisualStudioVersion = 15.0.26228.9
MinimumVisualStudioVersion = 10.0.40219.1
Project("{2150E333-8FDC-42A3-9474-1A3956D46DE8}") = "src", "src", "{F7677E3C-32D4-4FFE-AA58-2F94049848EE}"
EndProject
Project("{9A19103F-16F7-4668-BE54-9A1E7A4F7556}") = "SpyStore.Service", "src\SpyStore.Service\SpyStore.Service.csproj", "{8FD3201D-7307-4810-AB72-8C24799A1941}"
EndProject
Global
	GlobalSection(SolutionConfigurationPlatforms) = preSolution
		Debug|Any CPU = Debug|Any CPU
		Debug|x64 = Debug|x64
		Debug|x86 = Debug|x86
		Release|Any CPU = Release|Any CPU
		Release|x64 = Release|x64
		Release|x86 = Release|x86
	EndGlobalSection
	GlobalSection(ProjectConfigurationPlatforms) = postSolution
		{8FD3201D-7307-4810-AB72-8C24799A1941}.Debug|Any CPU.ActiveCfg = Debug|Any CPU
		{8FD3201D-7307-4810-AB72-8C24799A1941}.Debug|Any CPU.Build.0 = Debug|Any CPU
		{8FD3201D-7307-4810-AB72-8C24799A1941}.Debug|x64.ActiveCfg = Debug|Any CPU
		{8FD3201D-7307-4810-AB72-8C24799A1941}.Debug|x64.Build.0 = Debug|Any CPU
		{8FD3201D-7307-4810-AB72-8C24799A1941}.Debug|x86.ActiveCfg = Debug|Any CPU
		{8FD3201D-7307-4810-AB72-8C24799A1941}.Debug|x86.Build.0 = Debug|Any CPU
		{8FD3201D-7307-4810-AB72-8C24799A1941}.Release|Any CPU.ActiveCfg = Release|Any CPU
		{8FD3201D-7307-4810-AB72-8C24799A1941}.Release|Any CPU.Build.0 = Release|Any CPU
		{8FD3201D-7307-4810-AB72-8C24799A1941}.Release|x64.ActiveCfg = Release|Any CPU
		{8FD3201D-7307-4810-AB72-8C24799A1941}.Release|x64.Build.0 = Release|Any CPU
		{8FD3201D-7307-4810-AB72-8C24799A1941}.Release|x86.ActiveCfg = Release|Any CPU
		{8FD3201D-7307-4810-AB72-8C24799A1941}.Release|x86.Build.0 = Release|Any CPU
	EndGlobalSection
	GlobalSection(SolutionProperties) = preSolution
		HideSolutionNode = FALSE
	EndGlobalSection
	GlobalSection(NestedProjects) = preSolution
		{8FD3201D-7307-4810-AB72-8C24799A1941} = {F7677E3C-32D4-4FFE-AA58-2F94049848EE}
	EndGlobalSection
EndGlobal
