
Microsoft Visual Studio Solution File, Format Version 12.00
# Visual Studio 15
VisualStudioVersion = 15.0.27130.2003
MinimumVisualStudioVersion = 10.0.40219.1
Project("{2150E333-8FDC-42A3-9474-1A3956D46DE8}") = "src", "src", "{F7677E3C-32D4-4FFE-AA58-2F94049848EE}"
EndProject
Project("{9A19103F-16F7-4668-BE54-9A1E7A4F7556}") = "SpyStore.Service", "src\SpyStore.Service\SpyStore.Service.csproj", "{31BFB035-CB7D-42AF-8949-C281187509D3}"
EndProject
Project("{9A19103F-16F7-4668-BE54-9A1E7A4F7556}") = "SpyStore.Models", "src\SpyStore.Models\SpyStore.Models.csproj", "{5061AE79-370F-4CA6-84C4-4752325B5588}"
EndProject
Project("{9A19103F-16F7-4668-BE54-9A1E7A4F7556}") = "SpyStore.DAL", "src\SpyStore.DAL\SpyStore.DAL.csproj", "{902CBD87-23AE-48D7-894D-9B569CDF7BF8}"
EndProject
Global
	GlobalSection(SolutionConfigurationPlatforms) = preSolution
		Debug|Any CPU = Debug|Any CPU
		Debug|x64 = Debug|x64
		Debug|x86 = Debug|x86
		Release|Any CPU = Release|Any CPU
		Release|x64 = Release|x64
		Release|x86 = Release|x86
	EndGlobalSection
	GlobalSection(ProjectConfigurationPlatforms) = postSolution
		{31BFB035-CB7D-42AF-8949-C281187509D3}.Debug|Any CPU.ActiveCfg = Debug|Any CPU
		{31BFB035-CB7D-42AF-8949-C281187509D3}.Debug|Any CPU.Build.0 = Debug|Any CPU
		{31BFB035-CB7D-42AF-8949-C281187509D3}.Debug|x64.ActiveCfg = Debug|Any CPU
		{31BFB035-CB7D-42AF-8949-C281187509D3}.Debug|x64.Build.0 = Debug|Any CPU
		{31BFB035-CB7D-42AF-8949-C281187509D3}.Debug|x86.ActiveCfg = Debug|Any CPU
		{31BFB035-CB7D-42AF-8949-C281187509D3}.Debug|x86.Build.0 = Debug|Any CPU
		{31BFB035-CB7D-42AF-8949-C281187509D3}.Release|Any CPU.ActiveCfg = Release|Any CPU
		{31BFB035-CB7D-42AF-8949-C281187509D3}.Release|Any CPU.Build.0 = Release|Any CPU
		{31BFB035-CB7D-42AF-8949-C281187509D3}.Release|x64.ActiveCfg = Release|Any CPU
		{31BFB035-CB7D-42AF-8949-C281187509D3}.Release|x64.Build.0 = Release|Any CPU
		{31BFB035-CB7D-42AF-8949-C281187509D3}.Release|x86.ActiveCfg = Release|Any CPU
		{31BFB035-CB7D-42AF-8949-C281187509D3}.Release|x86.Build.0 = Release|Any CPU
		{5061AE79-370F-4CA6-84C4-4752325B5588}.Debug|Any CPU.ActiveCfg = Debug|Any CPU
		{5061AE79-370F-4CA6-84C4-4752325B5588}.Debug|Any CPU.Build.0 = Debug|Any CPU
		{5061AE79-370F-4CA6-84C4-4752325B5588}.Debug|x64.ActiveCfg = Debug|Any CPU
		{5061AE79-370F-4CA6-84C4-4752325B5588}.Debug|x64.Build.0 = Debug|Any CPU
		{5061AE79-370F-4CA6-84C4-4752325B5588}.Debug|x86.ActiveCfg = Debug|Any CPU
		{5061AE79-370F-4CA6-84C4-4752325B5588}.Debug|x86.Build.0 = Debug|Any CPU
		{5061AE79-370F-4CA6-84C4-4752325B5588}.Release|Any CPU.ActiveCfg = Release|Any CPU
		{5061AE79-370F-4CA6-84C4-4752325B5588}.Release|Any CPU.Build.0 = Release|Any CPU
		{5061AE79-370F-4CA6-84C4-4752325B5588}.Release|x64.ActiveCfg = Release|Any CPU
		{5061AE79-370F-4CA6-84C4-4752325B5588}.Release|x64.Build.0 = Release|Any CPU
		{5061AE79-370F-4CA6-84C4-4752325B5588}.Release|x86.ActiveCfg = Release|Any CPU
		{5061AE79-370F-4CA6-84C4-4752325B5588}.Release|x86.Build.0 = Release|Any CPU
		{902CBD87-23AE-48D7-894D-9B569CDF7BF8}.Debug|Any CPU.ActiveCfg = Debug|Any CPU
		{902CBD87-23AE-48D7-894D-9B569CDF7BF8}.Debug|Any CPU.Build.0 = Debug|Any CPU
		{902CBD87-23AE-48D7-894D-9B569CDF7BF8}.Debug|x64.ActiveCfg = Debug|Any CPU
		{902CBD87-23AE-48D7-894D-9B569CDF7BF8}.Debug|x64.Build.0 = Debug|Any CPU
		{902CBD87-23AE-48D7-894D-9B569CDF7BF8}.Debug|x86.ActiveCfg = Debug|Any CPU
		{902CBD87-23AE-48D7-894D-9B569CDF7BF8}.Debug|x86.Build.0 = Debug|Any CPU
		{902CBD87-23AE-48D7-894D-9B569CDF7BF8}.Release|Any CPU.ActiveCfg = Release|Any CPU
		{902CBD87-23AE-48D7-894D-9B569CDF7BF8}.Release|Any CPU.Build.0 = Release|Any CPU
		{902CBD87-23AE-48D7-894D-9B569CDF7BF8}.Release|x64.ActiveCfg = Release|Any CPU
		{902CBD87-23AE-48D7-894D-9B569CDF7BF8}.Release|x64.Build.0 = Release|Any CPU
		{902CBD87-23AE-48D7-894D-9B569CDF7BF8}.Release|x86.ActiveCfg = Release|Any CPU
		{902CBD87-23AE-48D7-894D-9B569CDF7BF8}.Release|x86.Build.0 = Release|Any CPU
	EndGlobalSection
	GlobalSection(SolutionProperties) = preSolution
		HideSolutionNode = FALSE
	EndGlobalSection
	GlobalSection(NestedProjects) = preSolution
		{31BFB035-CB7D-42AF-8949-C281187509D3} = {F7677E3C-32D4-4FFE-AA58-2F94049848EE}
		{5061AE79-370F-4CA6-84C4-4752325B5588} = {F7677E3C-32D4-4FFE-AA58-2F94049848EE}
		{902CBD87-23AE-48D7-894D-9B569CDF7BF8} = {F7677E3C-32D4-4FFE-AA58-2F94049848EE}
	EndGlobalSection
	GlobalSection(ExtensibilityGlobals) = postSolution
		SolutionGuid = {2220CC5E-ED41-4B33-A7AF-377A102246D6}
	EndGlobalSection
EndGlobal
