
Microsoft Visual Studio Solution File, Format Version 12.00
# Visual Studio 15
VisualStudioVersion = 15.0.26228.10
MinimumVisualStudioVersion = 10.0.40219.1
Project("{2150E333-8FDC-42A3-9474-1A3956D46DE8}") = "src", "src", "{F7677E3C-32D4-4FFE-AA58-2F94049848EE}"
EndProject
Project("{9A19103F-16F7-4668-BE54-9A1E7A4F7556}") = "SpyStore.Models", "src\SpyStore.Models\SpyStore.Models.csproj", "{5061AE79-370F-4CA6-84C4-4752325B5588}"
EndProject
Project("{9A19103F-16F7-4668-BE54-9A1E7A4F7556}") = "SpyStore.MVC", "src\SpyStore.MVC\SpyStore.MVC.csproj", "{A8A67B1A-D7FF-40AF-BD7E-285594CD9F95}"
EndProject
Global
	GlobalSection(SolutionConfigurationPlatforms) = preSolution
		Debug|Any CPU = Debug|Any CPU
		Debug|x64 = Debug|x64
		Debug|x86 = Debug|x86
		Release|Any CPU = Release|Any CPU
		Release|x64 = Release|x64
		Release|x86 = Release|x86
	EndGlobalSection
	GlobalSection(ProjectConfigurationPlatforms) = postSolution
		{5061AE79-370F-4CA6-84C4-4752325B5588}.Debug|Any CPU.ActiveCfg = Debug|Any CPU
		{5061AE79-370F-4CA6-84C4-4752325B5588}.Debug|Any CPU.Build.0 = Debug|Any CPU
		{5061AE79-370F-4CA6-84C4-4752325B5588}.Debug|x64.ActiveCfg = Debug|Any CPU
		{5061AE79-370F-4CA6-84C4-4752325B5588}.Debug|x64.Build.0 = Debug|Any CPU
		{5061AE79-370F-4CA6-84C4-4752325B5588}.Debug|x86.ActiveCfg = Debug|Any CPU
		{5061AE79-370F-4CA6-84C4-4752325B5588}.Debug|x86.Build.0 = Debug|Any CPU
		{5061AE79-370F-4CA6-84C4-4752325B5588}.Release|Any CPU.ActiveCfg = Release|Any CPU
		{5061AE79-370F-4CA6-84C4-4752325B5588}.Release|Any CPU.Build.0 = Release|Any CPU
		{5061AE79-370F-4CA6-84C4-4752325B5588}.Release|x64.ActiveCfg = Release|Any CPU
		{5061AE79-370F-4CA6-84C4-4752325B5588}.Release|x64.Build.0 = Release|Any CPU
		{5061AE79-370F-4CA6-84C4-4752325B5588}.Release|x86.ActiveCfg = Release|Any CPU
		{5061AE79-370F-4CA6-84C4-4752325B5588}.Release|x86.Build.0 = Release|Any CPU
		{A8A67B1A-D7FF-40AF-BD7E-285594CD9F95}.Debug|Any CPU.ActiveCfg = Debug|Any CPU
		{A8A67B1A-D7FF-40AF-BD7E-285594CD9F95}.Debug|Any CPU.Build.0 = Debug|Any CPU
		{A8A67B1A-D7FF-40AF-BD7E-285594CD9F95}.Debug|x64.ActiveCfg = Debug|Any CPU
		{A8A67B1A-D7FF-40AF-BD7E-285594CD9F95}.Debug|x64.Build.0 = Debug|Any CPU
		{A8A67B1A-D7FF-40AF-BD7E-285594CD9F95}.Debug|x86.ActiveCfg = Debug|Any CPU
		{A8A67B1A-D7FF-40AF-BD7E-285594CD9F95}.Debug|x86.Build.0 = Debug|Any CPU
		{A8A67B1A-D7FF-40AF-BD7E-285594CD9F95}.Release|Any CPU.ActiveCfg = Release|Any CPU
		{A8A67B1A-D7FF-40AF-BD7E-285594CD9F95}.Release|Any CPU.Build.0 = Release|Any CPU
		{A8A67B1A-D7FF-40AF-BD7E-285594CD9F95}.Release|x64.ActiveCfg = Release|Any CPU
		{A8A67B1A-D7FF-40AF-BD7E-285594CD9F95}.Release|x64.Build.0 = Release|Any CPU
		{A8A67B1A-D7FF-40AF-BD7E-285594CD9F95}.Release|x86.ActiveCfg = Release|Any CPU
		{A8A67B1A-D7FF-40AF-BD7E-285594CD9F95}.Release|x86.Build.0 = Release|Any CPU
	EndGlobalSection
	GlobalSection(SolutionProperties) = preSolution
		HideSolutionNode = FALSE
	EndGlobalSection
	GlobalSection(NestedProjects) = preSolution
		{5061AE79-370F-4CA6-84C4-4752325B5588} = {F7677E3C-32D4-4FFE-AA58-2F94049848EE}
		{A8A67B1A-D7FF-40AF-BD7E-285594CD9F95} = {F7677E3C-32D4-4FFE-AA58-2F94049848EE}
	EndGlobalSection
EndGlobal
