
Microsoft Visual Studio Solution File, Format Version 12.00
# Visual Studio 15
VisualStudioVersion = 15.0.26228.0
MinimumVisualStudioVersion = 10.0.40219.1
Project("{2150E333-8FDC-42A3-9474-1A3956D46DE8}") = "src", "src", "{93597C70-B8B5-4AE7-889C-14EE386507B0}"
EndProject
Project("{9A19103F-16F7-4668-BE54-9A1E7A4F7556}") = "SpyStore.MVC", "src\SpyStore.MVC\SpyStore.MVC.csproj", "{F7163622-32B9-4206-8A3E-969E9AF4A633}"
EndProject
Global
	GlobalSection(SolutionConfigurationPlatforms) = preSolution
		Debug|Any CPU = Debug|Any CPU
		Debug|x64 = Debug|x64
		Debug|x86 = Debug|x86
		Release|Any CPU = Release|Any CPU
		Release|x64 = Release|x64
		Release|x86 = Release|x86
	EndGlobalSection
	GlobalSection(ProjectConfigurationPlatforms) = postSolution
		{F7163622-32B9-4206-8A3E-969E9AF4A633}.Debug|Any CPU.ActiveCfg = Debug|Any CPU
		{F7163622-32B9-4206-8A3E-969E9AF4A633}.Debug|Any CPU.Build.0 = Debug|Any CPU
		{F7163622-32B9-4206-8A3E-969E9AF4A633}.Debug|x64.ActiveCfg = Debug|Any CPU
		{F7163622-32B9-4206-8A3E-969E9AF4A633}.Debug|x64.Build.0 = Debug|Any CPU
		{F7163622-32B9-4206-8A3E-969E9AF4A633}.Debug|x86.ActiveCfg = Debug|Any CPU
		{F7163622-32B9-4206-8A3E-969E9AF4A633}.Debug|x86.Build.0 = Debug|Any CPU
		{F7163622-32B9-4206-8A3E-969E9AF4A633}.Release|Any CPU.ActiveCfg = Release|Any CPU
		{F7163622-32B9-4206-8A3E-969E9AF4A633}.Release|Any CPU.Build.0 = Release|Any CPU
		{F7163622-32B9-4206-8A3E-969E9AF4A633}.Release|x64.ActiveCfg = Release|Any CPU
		{F7163622-32B9-4206-8A3E-969E9AF4A633}.Release|x64.Build.0 = Release|Any CPU
		{F7163622-32B9-4206-8A3E-969E9AF4A633}.Release|x86.ActiveCfg = Release|Any CPU
		{F7163622-32B9-4206-8A3E-969E9AF4A633}.Release|x86.Build.0 = Release|Any CPU
	EndGlobalSection
	GlobalSection(SolutionProperties) = preSolution
		HideSolutionNode = FALSE
	EndGlobalSection
	GlobalSection(NestedProjects) = preSolution
		{F7163622-32B9-4206-8A3E-969E9AF4A633} = {93597C70-B8B5-4AE7-889C-14EE386507B0}
	EndGlobalSection
EndGlobal
